
Microsoft Visual Studio Solution File, Format Version 12.00
# Visual Studio Version 17
VisualStudioVersion = 17.11.35303.130
MinimumVisualStudioVersion = 10.0.40219.1
Project("{FAE04EC0-301F-11D3-BF4B-00C04F79EFBC}") = "ACCESS", "ACCESS\ACCESS.csproj", "{96EFF11B-61E6-4C0F-BF15-C88E344D4512}"
EndProject
Global
	GlobalSection(SolutionConfigurationPlatforms) = preSolution
		Debug|Any CPU = Debug|Any CPU
		Release|Any CPU = Release|Any CPU
	EndGlobalSection
	GlobalSection(ProjectConfigurationPlatforms) = postSolution
		{96EFF11B-61E6-4C0F-BF15-C88E344D4512}.Debug|Any CPU.ActiveCfg = Debug|Any CPU
		{96EFF11B-61E6-4C0F-BF15-C88E344D4512}.Debug|Any CPU.Build.0 = Debug|Any CPU
		{96EFF11B-61E6-4C0F-BF15-C88E344D4512}.Release|Any CPU.ActiveCfg = Release|Any CPU
		{96EFF11B-61E6-4C0F-BF15-C88E344D4512}.Release|Any CPU.Build.0 = Release|Any CPU
	EndGlobalSection
	GlobalSection(SolutionProperties) = preSolution
		HideSolutionNode = FALSE
	EndGlobalSection
	GlobalSection(ExtensibilityGlobals) = postSolution
		SolutionGuid = {68E38B00-EBC5-4CE5-B9DA-6A6D389F9C04}
	EndGlobalSection
EndGlobal
